
Microsoft Visual Studio Solution File, Format Version 11.00
# Visual Studio 2010
Project("{FAE04EC0-301F-11D3-BF4B-00C04F79EFBC}") = "MergeSort", "MergeSort\MergeSort.csproj", "{56E683FB-7734-4AD8-A136-C90613D0499A}"
EndProject
Project("{FAE04EC0-301F-11D3-BF4B-00C04F79EFBC}") = "QuickSort", "QuickSort\QuickSort.csproj", "{0675FABB-31F7-4EB7-8C45-EC80659D9E52}"
EndProject
Global
	GlobalSection(SolutionConfigurationPlatforms) = preSolution
		Debug|x86 = Debug|x86
		Release|x86 = Release|x86
	EndGlobalSection
	GlobalSection(ProjectConfigurationPlatforms) = postSolution
		{56E683FB-7734-4AD8-A136-C90613D0499A}.Debug|x86.ActiveCfg = Debug|x86
		{56E683FB-7734-4AD8-A136-C90613D0499A}.Debug|x86.Build.0 = Debug|x86
		{56E683FB-7734-4AD8-A136-C90613D0499A}.Release|x86.ActiveCfg = Release|x86
		{56E683FB-7734-4AD8-A136-C90613D0499A}.Release|x86.Build.0 = Release|x86
		{0675FABB-31F7-4EB7-8C45-EC80659D9E52}.Debug|x86.ActiveCfg = Debug|x86
		{0675FABB-31F7-4EB7-8C45-EC80659D9E52}.Debug|x86.Build.0 = Debug|x86
		{0675FABB-31F7-4EB7-8C45-EC80659D9E52}.Release|x86.ActiveCfg = Release|x86
		{0675FABB-31F7-4EB7-8C45-EC80659D9E52}.Release|x86.Build.0 = Release|x86
	EndGlobalSection
	GlobalSection(SolutionProperties) = preSolution
		HideSolutionNode = FALSE
	EndGlobalSection
EndGlobal
